
Microsoft Visual Studio Solution File, Format Version 12.00
# Visual Studio Version 16
VisualStudioVersion = 16.0.31005.135
MinimumVisualStudioVersion = 10.0.40219.1
Project("{9A19103F-16F7-4668-BE54-9A1E7A4F7556}") = "SharpOfClans", "SharpOfClans\SharpOfClans.csproj", "{72B8AACF-386F-47AF-A628-6B617CB14764}"
EndProject
Project("{9A19103F-16F7-4668-BE54-9A1E7A4F7556}") = "SharpOfClans.Tests", "SharpOfClans.Tests\SharpOfClans.Tests.csproj", "{CEEFECCA-37CF-4324-AF27-717E48B44876}"
EndProject
Global
	GlobalSection(SolutionConfigurationPlatforms) = preSolution
		Debug|Any CPU = Debug|Any CPU
		Release|Any CPU = Release|Any CPU
	EndGlobalSection
	GlobalSection(ProjectConfigurationPlatforms) = postSolution
		{72B8AACF-386F-47AF-A628-6B617CB14764}.Debug|Any CPU.ActiveCfg = Debug|Any CPU
		{72B8AACF-386F-47AF-A628-6B617CB14764}.Debug|Any CPU.Build.0 = Debug|Any CPU
		{72B8AACF-386F-47AF-A628-6B617CB14764}.Release|Any CPU.ActiveCfg = Release|Any CPU
		{72B8AACF-386F-47AF-A628-6B617CB14764}.Release|Any CPU.Build.0 = Release|Any CPU
		{CEEFECCA-37CF-4324-AF27-717E48B44876}.Debug|Any CPU.ActiveCfg = Debug|Any CPU
		{CEEFECCA-37CF-4324-AF27-717E48B44876}.Debug|Any CPU.Build.0 = Debug|Any CPU
		{CEEFECCA-37CF-4324-AF27-717E48B44876}.Release|Any CPU.ActiveCfg = Release|Any CPU
		{CEEFECCA-37CF-4324-AF27-717E48B44876}.Release|Any CPU.Build.0 = Release|Any CPU
	EndGlobalSection
	GlobalSection(SolutionProperties) = preSolution
		HideSolutionNode = FALSE
	EndGlobalSection
	GlobalSection(ExtensibilityGlobals) = postSolution
		SolutionGuid = {17972559-4C26-4864-B070-ABF96BB7276F}
	EndGlobalSection
EndGlobal
